<?xml version="1.0" encoding="utf-8"?>
<Project ToolsVersion="4.0" xmlns="http://schemas.microsoft.com/developer/msbuild/2003">
  <ItemGroup>
    <ClCompile Include="..\413\OceanOp\spline.cpp" />
    <ClCompile Include="..\413\SIMotorNoHub.cpp" />
    <ClCompile Include="..\Comm\CSerial.cpp" />
    <ClCompile Include="..\Comm\Serial.cpp" />
    <ClCompile Include="413App.cpp" />
    <ClCompile Include="413AppBase.cpp" />
    <ClCompile Include="413AppCam.cpp" />
    <ClCompile Include="413AppEcho.cpp" />
    <ClCompile Include="413AppMtr.cpp" />
    <ClCompile Include="413AppPatt.cpp" />
    <ClCompile Include="413AppRingWidth.cpp" />
    <ClCompile Include="413AppRough.cpp" />
    <ClCompile Include="413AppStep.cpp" />
    <ClCompile Include="413AppThinF.cpp" />
    <ClCompile Include="413AppTrim.cpp" />
    <ClCompile Include="413AppTrimStep.cpp" />
    <ClCompile Include="413Confg.cpp" />
    <ClCompile Include="413SVar.cpp" />
    <ClCompile Include="acroaxdocshim.cpp" />
    <ClCompile Include="AdvanceOption.cpp" />
    <ClCompile Include="AdvanceSetup.cpp" />
    <ClCompile Include="AdvanceSetup6.cpp" />
    <ClCompile Include="AlarmAllDlg.cpp" />
    <ClCompile Include="..\ONLINE\MFC\AlarmListDlg.cpp" />
    <ClCompile Include="..\ALRM\AlarmSystem.cpp" />
    <ClCompile Include="Alignment.cpp" />
    <ClCompile Include="AlrmItem.cpp" />
    <ClCompile Include="AlrmList.cpp" />
    <ClCompile Include="..\ONLINE\GEM\Annotator.cpp" />
    <ClCompile Include="..\SRC\Arams.cpp" />
    <ClCompile Include="AreUSure.cpp" />
    <ClCompile Include="..\FEM\Ldp\AsystFoup.cpp" />
    <ClCompile Include="AttachDelete.cpp" />
    <ClCompile Include="..\SRC\BCMenu.cpp" />
    <ClCompile Include="..\SRC\BMake.cpp" />
    <ClCompile Include="..\FEM\Rbt\BrkUnit.cpp" />
    <ClCompile Include="..\GRID\BtnST.cpp" />
    <ClCompile Include="..\SRC\BtnST1.cpp" />
    <ClCompile Include="CamBase.cpp" />
    <ClCompile Include="CamLumi.cpp" />
    <ClCompile Include="CamSi.cpp" />
    <ClCompile Include="CarrierObj.cpp" />
    <ClCompile Include="..\128\CAS\CasMgr.cpp" />
    <ClCompile Include="CBatchDoc.cpp" />
    <ClCompile Include="CCcrPatt.cpp" />
    <ClCompile Include="..\ONLINE\GEM\CediListCtroller.cpp" />
    <ClCompile Include="..\ONLINE\GEM\CEID_ITEM.cpp" />
    <ClCompile Include="..\ONLINE\GEM\CEID_LIST.cpp" />
    <ClCompile Include="..\FEM\Ldp\CFoup.cpp" />
    <ClCompile Include="CGridPatt.cpp" />
    <ClCompile Include="ChartWnd.cpp" />
    <ClCompile Include="..\PropList\ChkComboBox.cpp" />
    <ClCompile Include="ChuckMask.cpp" />
    <ClCompile Include="..\ONLINE\ShareMemory\Cidrw.cpp" />
    <ClCompile Include="CircularBuffer.cpp" />
    <ClCompile Include="CLine.cpp" />
    <ClCompile Include="..\LOG\CLogMsgItem.cpp" />
    <ClCompile Include="CLPXChDat.cpp" />
    <ClCompile Include="CMPList.cpp" />
    <ClCompile Include="..\ONLINE\GEM\Cms.cpp" />
    <ClCompile Include="..\ONLINE\MFC\ColorButton.cpp" />
    <ClCompile Include="..\ONLINE\MFC\ColorEdit.cpp" />
    <ClCompile Include="..\ONLINE\MFC\ColorList.cpp" />
    <ClCompile Include="..\ONLINE\MFC\ColorStatic.cpp" />
    <ClCompile Include="..\FEM\Ldp\ComBase.cpp" />
    <ClCompile Include="..\FEM\Ldp\ComFL300.cpp" />
    <ClCompile Include="..\ONLINE\TCPIP\ComLog.cpp" />
    <ClCompile Include="..\SRC\Comm.cpp" />
    <ClCompile Include="..\SRC\CommSvr.cpp" />
    <ClCompile Include="..\FEM\Ldp\ComSMIF.cpp" />
    <ClCompile Include="..\FEM\Ldp\ComTDK.cpp" />
    <ClCompile Include="..\FEM\Ldp\ComThread.cpp" />
    <ClCompile Include="Configuration.cpp" />
    <ClCompile Include="ContentMap.cpp" />
    <ClCompile Include="Coor.cpp" />
    <ClCompile Include="CRdlPatt.cpp" />
    <ClCompile Include="CRing.cpp" />
    <ClCompile Include="CrossHair.cpp" />
    <ClCompile Include="CrossPattern.cpp" />
    <ClCompile Include="CStat.cpp" />
    <ClCompile Include="..\ONLINE\GEM\CtrlJob.cpp" />
    <ClCompile Include="..\ONLINE\GEM\CtrlJobMgr.cpp" />
    <ClCompile Include="..\SYS\CUMMsg.cpp" />
    <ClCompile Include="CurveFit.cpp" />
    <ClCompile Include="..\SRC\customfiledlg.cpp" />
    <ClCompile Include="CustPatt.cpp" />
    <ClCompile Include="CWaferParam.cpp" />
    <ClCompile Include="..\TCP\CWinSock.cpp" />
    <ClCompile Include="CWL.cpp" />
    <ClCompile Include="CWLBase.cpp" />
    <ClCompile Include="Data.cpp" />
    <ClCompile Include="..\ONLINE\ShareMemory\DataBank.cpp" />
    <ClCompile Include="..\ONLINE\GEM\DataConverter.cpp" />
    <ClCompile Include="DataDesc413.cpp" />
    <ClCompile Include="DataList.cpp" />
    <ClCompile Include="DefGrid2Dlg.cpp" />
    <ClCompile Include="DefineCircular.cpp" />
    <ClCompile Include="DefineCircularSegment.cpp" />
    <ClCompile Include="DefineGrid.cpp" />
    <ClCompile Include="DefineRadial.cpp" />
    <ClCompile Include="DefineSimuPeaks.cpp" />
    <ClCompile Include="..\MFC\DelimiterDlg.cpp" />
    <ClCompile Include="DiceLoc.cpp" />
    <ClCompile Include="DiceView.cpp" />
    <ClCompile Include="..\SRC\DirSys.cpp" />
    <ClCompile Include="..\413\DMCMotor.cpp" />
    <ClCompile Include="..\413\DMCMotorBase.cpp" />
    <ClCompile Include="DosName.cpp" />
    <ClCompile Include="..\SRC\DosUtil.cpp" />
    <ClCompile Include="DrLockMgr.cpp" />
    <ClCompile Include="Dump.cpp" />
    <ClCompile Include="DuplicateDlg.cpp" />
    <ClCompile Include="E95.cpp" />
    <ClCompile Include="E95Doc.cpp" />
    <ClCompile Include="E95View.cpp" />
    <ClCompile Include="EchoData.cpp" />
    <ClCompile Include="EchoDraw.cpp" />
    <ClCompile Include="..\413\EchoFinder.cpp" />
    <ClCompile Include="..\413\EchoScope\EchoPeak.cpp" />
    <ClCompile Include="..\413\EchoScope\EchoProbe.cpp" />
    <ClCompile Include="..\413\EchoScope\EchoProbeBase.cpp" />
    <ClCompile Include="EchoProbeProp.cpp" />
    <ClCompile Include="EchoTest.cpp" />
    <ClCompile Include="EditBinDlg.cpp" />
    <ClCompile Include="EditCoordinateDlg.cpp" />
    <ClCompile Include="EditDocumentationDlg.cpp" />
    <ClCompile Include="EditPoint.cpp" />
    <ClCompile Include="EditThickDlg.cpp" />
    <ClCompile Include="..\ONLINE\MFC\EditToolBar.cpp" />
    <ClCompile Include="EnlargeDlg.cpp" />
    <ClCompile Include="EqpState.cpp" />
    <ClCompile Include="..\IPC\EqpStatus.cpp" />
    <ClCompile Include="..\ONLINE\MFC\EquipEvtThread.cpp" />
    <ClCompile Include="..\LOG\ErrorDlg.cpp" />
    <ClCompile Include="..\ONLINE\MFC\establishcomm.cpp" />
    <ClCompile Include="..\ONLINE\ShareMemory\Evt.cpp" />
    <ClCompile Include="..\413\OceanOp\FFreq.cpp" />
    <ClCompile Include="FFTPoint.cpp" />
    <ClCompile Include="FFUThread.cpp" />
    <ClCompile Include="..\SRC\FileVersion.cpp" />
    <ClCompile Include="..\PropList\FoldersDialog.cpp" />
    <ClCompile Include="..\413\OceanOp\Fourier.cpp" />
    <ClCompile Include="FPoint.cpp" />
    <ClCompile Include="..\ONLINE\TCPIP\FsmCoreSocket.cpp" />
    <ClCompile Include="..\LTW\FSMLightTower.cpp" />
    <ClCompile Include="GEM.cpp" />
    <ClCompile Include="GEMEvt.cpp" />
    <ClCompile Include="..\ONLINE\GEM\GemFactory.cpp" />
    <ClCompile Include="..\ONLINE\general_utils.cpp" />
    <ClCompile Include="..\SRC\GetFileNames.cpp" />
    <ClCompile Include="..\ONLINE\MFC\getpw.cpp" />
    <ClCompile Include="..\413\GLMotor.cpp" />
    <ClCompile Include="..\413\GLMotor_v1.cpp" />
    <ClCompile Include="Global413.cpp" />
    <ClCompile Include="GlobalDeviceContainer.cpp" />
    <ClCompile Include="GlobalUIContainer.cpp" />
    <ClCompile Include="..\SRC\HdrList.cpp" />
    <ClCompile Include="HelpProbes.cpp" />
    <ClCompile Include="HelpTrim.cpp" />
    <ClCompile Include="HistoDraw.cpp" />
    <ClCompile Include="..\ONLINE\MFC\HostMessage.cpp" />
    <ClCompile Include="..\PLT\HSL2RGB.cpp" />
    <ClCompile Include="..\ONLINE\TCPIP\HSMSComThread.cpp" />
    <ClCompile Include="..\ONLINE\TCPIP\HsmsParaMeter.cpp" />
    <ClCompile Include="..\FEM\IDR\IDRAsyst.cpp" />
    <ClCompile Include="..\FEM\IDR\IDRMgr.cpp" />
    <ClCompile Include="..\FEM\IDR\IDRSvr.cpp" />
    <ClCompile Include="..\FEM\IDR\IDRUnit.cpp" />
    <ClCompile Include="..\FEM\IDR\IDRUnitKey.cpp" />
    <ClCompile Include="..\FEM\IDR\IDRUnitOmron.cpp" />
    <ClCompile Include="Illumination.cpp" />
    <ClCompile Include="..\ONLINE\MFC\ImageStatic.cpp" />
    <ClCompile Include="ImgWnd.cpp" />
    <ClCompile Include="IncmplPrcsHdlr.cpp" />
    <ClCompile Include="InfoPanelAlarms.cpp" />
    <ClCompile Include="InfoPanelEqpMessage.cpp" />
    <ClCompile Include="InfoPanelHelp.cpp" />
    <ClCompile Include="InfoPanelHelpHTML.cpp" />
    <ClCompile Include="InfoPanelHostMsg.cpp" />
    <ClCompile Include="InfoPanelLogs.cpp" />
    <ClCompile Include="InfoPanelLogsMainDlg.cpp" />
    <ClCompile Include="InfoPanelMain.cpp" />
    <ClCompile Include="InfoPanelRecipes.cpp" />
    <ClCompile Include="InfoPanelSetup.cpp" />
    <ClCompile Include="InfoPanelSystem.cpp" />
    <ClCompile Include="InfoPanelView.cpp" />
    <ClCompile Include="InfoPanelWelcome.cpp" />
    <ClCompile Include="..\SRC\IniFile.cpp" />
    <ClCompile Include="..\SRC\IniFileHandler.cpp" />
    <ClCompile Include="InputCalibWaferThickness.cpp" />
    <ClCompile Include="..\FEM\IDR\InputCarrierID.cpp" />
    <ClCompile Include="InputFloat.cpp" />
    <ClCompile Include="..\CurveFit\Interface.cpp" />
    <ClCompile Include="InvDistance.cpp" />
    <ClCompile Include="IssueAlarmDlg.cpp" />
    <ClCompile Include="..\128\CAS\JobInfo.cpp" />
    <ClCompile Include="..\MFC\Keyboard.cpp" />
    <ClCompile Include="..\MFC\KeyPad.cpp" />
    <ClCompile Include="..\SRC\Led.cpp" />
    <ClCompile Include="LineChart.cpp" />
    <ClCompile Include="..\SERIAL\LinkPort.cpp" />
    <ClCompile Include="..\SERIAL\Links.cpp" />
    <ClCompile Include="..\SERIAL\LinkSerial.cpp" />
    <ClCompile Include="..\SERIAL\LinkTCP.cpp" />
    <ClCompile Include="..\CurveFit\lm_eval.c" />
    <ClCompile Include="..\CurveFit\lmmin.c" />
    <ClCompile Include="LoadPortDlg.cpp" />
    <ClCompile Include="LoadPos.cpp" />
    <ClCompile Include="LocationProp.cpp" />
    <ClCompile Include="LocDefineDice.cpp" />
    <ClCompile Include="..\IPC\Lock.cpp" />
    <ClCompile Include="..\SYS\Log.cpp" />
    <ClCompile Include="LogE.cpp" />
    <ClCompile Include="LogFEM.cpp" />
    <ClCompile Include="..\SRC\LogInDataNew.cpp" />
    <ClCompile Include="LogItem.cpp" />
    <ClCompile Include="..\ONLINE\TCPIP\LogMessage.cpp" />
    <ClCompile Include="..\LOG\LogMsgList.cpp" />
    <ClCompile Include="..\LOG\LogSvr.cpp" />
    <ClCompile Include="..\FEM\Ldp\LPMgr.cpp" />
    <ClCompile Include="LPObj.cpp" />
    <ClCompile Include="LPStatus.cpp" />
    <ClCompile Include="..\FEM\Ldp\LPSvr.cpp" />
    <ClCompile Include="LSF3D.cpp" />
    <ClCompile Include="..\LTW\LTMgrE95.cpp" />
    <ClCompile Include="..\LTW\LTWMgr.cpp" />
    <ClCompile Include="..\IPC\LTwrVar.cpp" />
    <ClCompile Include="MainFrm.cpp" />
    <ClCompile Include="ManualAlgnDlg.cpp" />
    <ClCompile Include="MaskInfo.cpp" />
    <ClCompile Include="MaskPattern.cpp" />
    <ClCompile Include="MaxMin.cpp" />
    <ClCompile Include="MaxMinPa.cpp" />
    <ClCompile Include="..\413\Mc2.cpp" />
    <ClCompile Include="MC3.cpp" />
    <ClCompile Include="MeasurementProperties.cpp" />
    <ClCompile Include="MeParam.cpp" />
    <ClCompile Include="MeSetMore.cpp" />
    <ClCompile Include="..\SRC\MessageBoard.cpp" />
    <ClCompile Include="..\SRC\MessageBoardLog.cpp" />
    <ClCompile Include="..\SRC\MessageFormat.cpp" />
    <ClCompile Include="..\ONLINE\TCPIP\Monitor.cpp" />
    <ClCompile Include="MotionControl.cpp" />
    <ClCompile Include="..\413\MotorGL.cpp" />
    <ClCompile Include="..\413\MotorL2.cpp" />
    <ClCompile Include="..\413\MotorParam.cpp" />
    <ClCompile Include="..\413\MotorS2.cpp" />
    <ClCompile Include="..\413\MotorSi.cpp" />
    <ClCompile Include="MoveParam.cpp" />
    <ClCompile Include="MPoint.cpp" />
    <ClCompile Include="..\SERIAL\MsgItem.cpp" />
    <ClCompile Include="MsgItemProcessor.cpp" />
    <ClCompile Include="..\SRC\MYEDIT.CPP" />
    <ClCompile Include="..\SRC\MyTextButton.cpp" />
    <ClCompile Include="NavigationPanel.cpp" />
    <ClCompile Include="..\128\CAS\NCas.cpp" />
    <ClCompile Include="..\LOG\NoticeDlg.cpp" />
    <ClCompile Include="..\SERIAL\NThread.cpp" />
    <ClCompile Include="..\128\GEM\ObjectsContainer.cpp" />
    <ClCompile Include="..\413\OceanOp\OceanBase.cpp" />
    <ClCompile Include="..\413\OceanOp\OceanOpNIRQuest.cpp" />
    <ClCompile Include="..\128\GEM\OLnClt.cpp" />
    <ClCompile Include="OLnSvrObj.cpp" />
    <ClCompile Include="OnlineAlarmDlg.cpp" />
    <ClCompile Include="OnlineCEIDDlg.cpp" />
    <ClCompile Include="OnlineCJDlg.cpp" />
    <ClCompile Include="OnLineDlg.cpp" />
    <ClCompile Include="OnlineECIDDlg.cpp" />
    <ClCompile Include="OnlineEventsDlg.cpp" />
    <ClCompile Include="OnlineHSMSDlg.cpp" />
    <ClCompile Include="OnlineLogsDlg.cpp" />
    <ClCompile Include="OnlineMgr.cpp" />
    <ClCompile Include="OnlineMgrB.cpp" />
    <ClCompile Include="OnlineModeDlg.cpp" />
    <ClCompile Include="OnlinePJDlg.cpp" />
    <ClCompile Include="OnlineSubstrateDlg.cpp" />
    <ClCompile Include="OnlineSVIDDlg.cpp" />
    <ClCompile Include="OptimizeEchoDlg.cpp" />
    <ClCompile Include="..\ONLINE\GEM\Ossbase.cpp" />
    <ClCompile Include="..\IPC\OSSMemS.cpp" />
    <ClCompile Include="PackedDIB1.cpp" />
    <ClCompile Include="..\ONLINE\MFC\ParaEditDlg.cpp" />
    <ClCompile Include="Pattern.cpp" />
    <ClCompile Include="PatternProp.cpp" />
    <ClCompile Include="PattMatch.cpp" />
    <ClCompile Include="PeakControl.cpp" />
    <ClCompile Include="PeakControlItem.cpp" />
    <ClCompile Include="PeakParam.cpp" />
    <ClCompile Include="..\413\EchoScope\Peaks.cpp" />
    <ClCompile Include="PeakShape.cpp" />
    <ClCompile Include="PersistFrameImpl.cpp" />
    <ClCompile Include="PersistSDIFrame.cpp" />
    <ClCompile Include="PolyParams.cpp" />
    <ClCompile Include="..\128\GEM\PortParam.cpp" />
    <ClCompile Include="PosHt.cpp" />
    <ClCompile Include="PProfile.cpp" />
    <ClCompile Include="..\FEM\Rbt\PriUnit.cpp" />
    <ClCompile Include="..\ONLINE\GEM\Prjob.cpp" />
    <ClCompile Include="..\128\GEM\PrJobList.cpp" />
    <ClCompile Include="..\ONLINE\GEM\PRJobMgr.cpp" />
    <ClCompile Include="ProbeDistParam.cpp" />
    <ClCompile Include="ProbeSwitching.cpp" />
    <ClCompile Include="ProbeSwitchingBase.cpp" />
    <ClCompile Include="ProbeTest.cpp" />
    <ClCompile Include="ProcJob413ProcessingDlg.cpp" />
    <ClCompile Include="ProcJobCancelCarrierDlg.cpp" />
    <ClCompile Include="ProcJobCommon.cpp" />
    <ClCompile Include="ProcJobCompleteDlg.cpp" />
    <ClCompile Include="ProcJobCompleteManual.cpp" />
    <ClCompile Include="ProcJobDlg.cpp" />
    <ClCompile Include="ProcJobInfo.cpp" />
    <ClCompile Include="ProcJobManageDlg.cpp" />
    <ClCompile Include="ProcJobManDlg.cpp" />
    <ClCompile Include="ProcJobManual.cpp" />
    <ClCompile Include="ProcJobProcessingB.cpp" />
    <ClCompile Include="ProcJobPWC1DlgBase.cpp" />
    <ClCompile Include="ProcJobPWC2Dlg.cpp" />
    <ClCompile Include="ProcJobPWC413Dlg.cpp" />
    <ClCompile Include="ProcJobPWCRDlg.cpp" />
    <ClCompile Include="ProcJobQue413Dlg.cpp" />
    <ClCompile Include="ProcJobSMICDlg.cpp" />
    <ClCompile Include="ProcJobUnloadCarrierDlg.cpp" />
    <ClCompile Include="..\PropList\PropertyList.cpp" />
    <ClCompile Include="..\ONLINE\ShareMemory\PtrListEx.cpp" />
    <ClCompile Include="..\FEM\Ldp\QueOutMgr.cpp" />
    <ClCompile Include="..\SERIAL\Queue.cpp" />
    <ClCompile Include="QuickRecipeEditDlg.cpp" />
    <ClCompile Include="..\MFC\RangeDlg.cpp" />
    <ClCompile Include="..\FEM\Rbt\RbtBase.cpp" />
    <ClCompile Include="..\FEM\Rbt\RbtMgr.cpp" />
    <ClCompile Include="..\FEM\Rbt\RbtUnit.cpp" />
    <ClCompile Include="..\ONLINE\ShareMemory\ReadWriteHead.cpp" />
    <ClCompile Include="Recipe413.cpp" />
    <ClCompile Include="Recipe413NSMgr.cpp" />
    <ClCompile Include="RecipeCreateDlg413.cpp" />
    <ClCompile Include="RecipeCreateDlgBase.cpp" />
    <ClCompile Include="RecipeIO.cpp" />
    <ClCompile Include="RecipeManageDlg.cpp" />
    <ClCompile Include="RecoveryDlg.cpp" />
    <ClCompile Include="..\SRC\ResizableDialog.cpp" />
    <ClCompile Include="ResizableFormView.cpp" />
    <ClCompile Include="..\SRC\ResizableGrip.cpp" />
    <ClCompile Include="..\SRC\ResizableLayout.cpp" />
    <ClCompile Include="..\SRC\ResizableMinMax.cpp" />
    <ClCompile Include="..\SRC\ResizableState.cpp" />
    <ClCompile Include="RGB3.cpp" />
    <ClCompile Include="PZT\Roll.cpp" />
    <ClCompile Include="RingWidthProbe.cpp" />
    <ClCompile Include="RingWidthProbeBase.cpp" />
    <ClCompile Include="RoughProbe.cpp" />
    <ClCompile Include="RoughProbeBase.cpp" />
    <ClCompile Include="RouPar.cpp" />
    <ClCompile Include="RunRecipe.cpp" />
    <ClCompile Include="..\ONLINE\SECS\S2F23.cpp" />
    <ClCompile Include="..\ONLINE\SECS\S2F31.cpp" />
    <ClCompile Include="..\ONLINE\SECS\S2F41.cpp" />
    <ClCompile Include="..\ONLINE\SECS\S2Msg.cpp" />
    <ClCompile Include="..\IPC\SArams.cpp" />
    <ClCompile Include="..\413\EchoScope\ScanLine.cpp" />
    <ClCompile Include="ScanLineChart.cpp" />
    <ClCompile Include="..\413\EchoScope\ScanPoint.cpp" />
    <ClCompile Include="..\ONLINE\GEM\SecsItem.cpp" />
    <ClCompile Include="..\ONLINE\GEM\SecsMessage.cpp" />
    <ClCompile Include="SecsParam.cpp" />
    <ClCompile Include="SecsParamItem.cpp" />
    <ClCompile Include="..\IFC\SecsSvrF.cpp" />
    <ClCompile Include="SelectDlg.cpp" />
    <ClCompile Include="SelectMeasurementDlg.cpp" />
    <ClCompile Include="..\ONLINE\TCPIP\SelectMode.cpp" />
    <ClCompile Include="SelectResol.cpp" />
    <ClCompile Include="SelectVCamera.cpp" />
    <ClCompile Include="..\FEM\Rbt\selport.cpp" />
    <ClCompile Include="SelScanNumDlg.cpp" />
    <ClCompile Include="..\SERIAL\SerialICC.cpp" />
    <ClCompile Include="..\SERIAL\SerialTh.cpp" />
    <ClCompile Include="SetupProb4Dlg.cpp" />
    <ClCompile Include="SetupProp10Dlg.cpp" />
    <ClCompile Include="SetupProp11Dlg.cpp" />
    <ClCompile Include="SetupProp12Dlg.cpp" />
    <ClCompile Include="SetupProp13Dlg.cpp" />
    <ClCompile Include="SetupProp14Dlg.cpp" />
    <ClCompile Include="SetupProp15Dlg.cpp" />
    <ClCompile Include="SetupProp16Dlg.cpp" />
    <ClCompile Include="SetupProp1Dlg.cpp" />
    <ClCompile Include="SetupProp2Dlg.cpp" />
    <ClCompile Include="SetupProp31Dlg.cpp" />
    <ClCompile Include="SetupProp3Dlg.cpp" />
    <ClCompile Include="SetupProp41Dlg.cpp" />
    <ClCompile Include="SetupProp42Dlg.cpp" />
    <ClCompile Include="SetupProp43Dlg.cpp" />
    <ClCompile Include="SetupProp51Dlg.cpp" />
    <ClCompile Include="SetupProp52Dlg.cpp" />
    <ClCompile Include="SetupProp5Dlg.cpp" />
    <ClCompile Include="SetupProp6Dlg.cpp" />
    <ClCompile Include="SetupProp71Dlg.cpp" />
    <ClCompile Include="SetupProp72Dlg.cpp" />
    <ClCompile Include="SetupProp73Dlg.cpp" />
    <ClCompile Include="SetupProp7Dlg.cpp" />
    <ClCompile Include="SetupProp81Dlg.cpp" />
    <ClCompile Include="SetupProp82Dlg.cpp" />
    <ClCompile Include="SetupProp83Dlg.cpp" />
    <ClCompile Include="SetupProp84Dlg.cpp" />
    <ClCompile Include="SetupProp8Dlg.cpp" />
    <ClCompile Include="SetupProp91Dlg.cpp" />
    <ClCompile Include="SetupProp9Dlg.cpp" />
    <ClCompile Include="SetupPropComm.cpp" />
    <ClCompile Include="..\ONLINE\ShareMemory\SharedMemQue.cpp" />
    <ClCompile Include="..\ONLINE\ShareMemory\ShareMemory.cpp" />
    <ClCompile Include="..\ONLINE\ShareMemory\ShareQue.cpp" />
    <ClCompile Include="..\413\SIBase.cpp" />
    <ClCompile Include="SICam.cpp" />
    <ClCompile Include="SICamPoints.cpp" />
    <ClCompile Include="SiCamSettingDlg.cpp" />
    <ClCompile Include="..\413\SIMotor.cpp" />
    <ClCompile Include="SimulatePeaks.cpp" />
    <ClCompile Include="SimuSpecDlg.cpp" />
    <ClCompile Include="..\SRC\sinstance.cpp" />
    <ClCompile Include="..\IPC\SMCHdr.cpp" />
    <ClCompile Include="..\IPC\SMClt.cpp" />
    <ClCompile Include="..\IPC\SMHdr.cpp" />
    <ClCompile Include="..\IPC\SMIpc.cpp" />
    <ClCompile Include="..\IPC\Smol.cpp" />
    <ClCompile Include="..\IPC\SMSnd.cpp" />
    <ClCompile Include="..\IPC\SMSvr.cpp" />
    <ClCompile Include="..\SRC\SortHeaderCtrl.cpp" />
    <ClCompile Include="..\SRC\SortListCtrl.cpp" />
    <ClCompile Include="..\413\OceanOp\Spec.cpp" />
    <ClCompile Include="SpecPar.cpp" />
    <ClCompile Include="SpecPlot.cpp" />
    <ClCompile Include="..\413\OceanOp\SpecPoint.cpp" />
    <ClCompile Include="..\ONLINE\MFC\SpoolMan.cpp" />
    <ClCompile Include="ST_SplitterWnd.cpp" />
    <ClCompile Include="..\128\GEM\StateModels.cpp" />
    <ClCompile Include="StatusReq.cpp" />
    <ClCompile Include="StdAfx.cpp" />
    <ClCompile Include="StopDlg.cpp" />
    <ClCompile Include="..\TCP\StreamSocket.cpp" />
    <ClCompile Include="StrSOp.cpp" />
    <ClCompile Include="..\IPC\SubstObj.cpp" />
    <ClCompile Include="..\ONLINE\GEM\SVID_ITEM.cpp" />
    <ClCompile Include="..\ONLINE\GEM\SVID_LIST.cpp" />
    <ClCompile Include="..\IPC\SvrThread.cpp" />
    <ClCompile Include="..\128\CAS\SysInfo.cpp" />
    <ClCompile Include="System413Dlg.cpp" />
    <ClCompile Include="SystemLTowerDlg.cpp" />
    <ClCompile Include="SystemRobotDlg.cpp" />
    <ClCompile Include="SystemStatusDlg.cpp" />
    <ClCompile Include="..\LTW\TCtrlBase.cpp" />
    <ClCompile Include="..\LTW\TCtrlBrk.cpp" />
    <ClCompile Include="..\LTW\TCtrlDB.cpp" />
    <ClCompile Include="..\LTW\TCtrlDBNet.cpp" />
    <ClCompile Include="..\LTW\TCtrlPatLitSerial.cpp" />
    <ClCompile Include="..\IPC\TelnetClientSocket.cpp" />
    <ClCompile Include="..\SRC\TextFile.cpp" />
    <ClCompile Include="TFTestDlg.cpp" />
    <ClCompile Include="ThinFilmProp.cpp" />
    <ClCompile Include="ThkValues.cpp" />
    <ClCompile Include="..\SRC\TimerMGR.cpp" />
    <ClCompile Include="..\SRC\Tips.cpp" />
    <ClCompile Include="TitlePanel.cpp" />
    <ClCompile Include="..\SRC\Tokenizer.cpp" />
    <ClCompile Include="..\SYS\Tool.cpp" />
    <ClCompile Include="..\IPC\Toolvar.cpp" />
    <ClCompile Include="..\ONLINE\GEM\TracTimer.cpp" />
    <ClCompile Include="..\413\TxR.cpp" />
    <ClCompile Include="..\SYS\Var.cpp" />
    <ClCompile Include="..\ONLINE\MFC\VarDisp.cpp" />
    <ClCompile Include="ViewBaseline.cpp" />
    <ClCompile Include="ViewCassDlg.cpp" />
    <ClCompile Include="ViewContentDlg413.cpp" />
    <ClCompile Include="ViewContentDlgBase.cpp" />
    <ClCompile Include="ViewData.cpp" />
    <ClCompile Include="ViewFileDlg.cpp" />
    <ClCompile Include="..\128\CAS\WaferInfo.cpp" />
    <ClCompile Include="..\128\CAS\WaferInfoMgr.cpp" />
    <ClCompile Include="WaferMap.cpp" />
    <ClCompile Include="WaferMapDlg.cpp" />
    <ClCompile Include="WaferMapSetting.cpp" />
    <ClCompile Include="WaferViewOptions.cpp" />
    <ClCompile Include="..\ONLINE\ShareMemory\WaitMsgList.cpp" />
    <ClCompile Include="..\LOG\WarningDlg.cpp" />
    <ClCompile Include="WafMap\DIB\DIB.CPP" />
    <ClCompile Include="WafMap\DIB\Dibapi.cpp" />
    <ClCompile Include="WafMap\DIB\DIBPAL.CPP" />
    <ClCompile Include="WafMap\DIB\DIBSurface.cpp" />
    <ClCompile Include="WafMap\OGL\GLView.cpp" />
    <ClCompile Include="WafMap\WMap.cpp" />
    <ClCompile Include="WafMap\WMapView.cpp" />
    <ClCompile Include="webbrowser2.cpp" />
    <ClCompile Include="WelcomeDlg.cpp" />
    <ClCompile Include="..\SRC\xSkinButton.cpp" />
    <ClCompile Include="WMap3DDlg.cpp" />
    <ClCompile Include="XTabCtrl.cpp" />
    <ClCompile Include="CTaikoRingMeasProp.cpp" />
    <ClCompile Include="..\IM\IM.cpp" />
    <ClCompile Include="..\IM\PtLine.cpp" />
    <ClCompile Include="Stat.cpp" />
    <ClCompile Include="..\IM\MatInv.cpp" />
    <ClCompile Include="CenterData.cpp" />
    <ClCompile Include="..\FEM\Rbt\LogosolBrkUnit.cpp" />
    <ClCompile Include="413AppCWL.cpp" />
    <ClCompile Include="CWL2.cpp" />
    <ClCompile Include="413AppRoughWithCWL.cpp" />
    <ClCompile Include="WaferMapViewDlg.cpp" />
    <ClCompile Include="ExportPDF.cpp" />
    <ClCompile Include="DiceMapTemp.cpp" />
    <ClCompile Include="Glut2DMapView.cpp" />
    <ClCompile Include="WafMap\OGL\GLViewStatic.cpp" />
    <ClCompile Include="Auto2DGlut.cpp" />
    <ClCompile Include="WMap2DDlg.cpp" />
    <ClCompile Include="SetupProp92Dlg.cpp" />
    <ClCompile Include="DiceMap.cpp" />
  </ItemGroup>
  <ItemGroup>
    <ClInclude Include="..\413\OceanOp\spline.h" />
    <ClInclude Include="..\413\SIMotorNoHub.h" />
    <ClInclude Include="..\Comm\CSerial.h" />
    <ClInclude Include="..\Comm\Serial.h" />
    <ClInclude Include="000RevisionHistory.h" />
    <ClInclude Include="413App.h" />
    <ClInclude Include="413AppBase.h" />
    <ClInclude Include="413AppCam.h" />
    <ClInclude Include="413AppEcho.h" />
    <ClInclude Include="413AppMtr.h" />
    <ClInclude Include="413AppPatt.h" />
    <ClInclude Include="413AppRingWidth.h" />
    <ClInclude Include="413AppRough.h" />
    <ClInclude Include="413AppStep.h" />
    <ClInclude Include="413AppThinF.h" />
    <ClInclude Include="413AppTrim.h" />
    <ClInclude Include="413AppTrimStep.h" />
    <ClInclude Include="413Confg.h" />
    <ClInclude Include="413SVar.h" />
    <ClInclude Include="acroaxdocshim.h" />
    <ClInclude Include="AdvanceOption.h" />
    <ClInclude Include="AdvanceSetup.h" />
    <ClInclude Include="AdvanceSetup6.h" />
    <ClInclude Include="AlarmAllDlg.h" />
    <ClInclude Include="..\ONLINE\MFC\AlarmListDlg.h" />
    <ClInclude Include="..\ALRM\AlarmSystem.h" />
    <ClInclude Include="Alignment.h" />
    <ClInclude Include="AlrmItem.h" />
    <ClInclude Include="AlrmList.h" />
    <ClInclude Include="..\ONLINE\GEM\Annotator.h" />
    <ClInclude Include="..\SRC\Arams.h" />
    <ClInclude Include="AreUSure.h" />
    <ClInclude Include="..\FEM\Ldp\AsystFoup.h" />
    <ClInclude Include="AttachDelete.h" />
    <ClInclude Include="..\SRC\BCMenu.h" />
    <ClInclude Include="..\FEM\Rbt\BrkUnit.h" />
    <ClInclude Include="..\GRID\BtnST.h" />
    <ClInclude Include="..\SRC\BtnST1.h" />
    <ClInclude Include="CamBase.h" />
    <ClInclude Include="CamLumi.h" />
    <ClInclude Include="CamSi.h" />
    <ClInclude Include="CarrierObj.h" />
    <ClInclude Include="..\128\CAS\CasMgr.h" />
    <ClInclude Include="CBatchDoc.h" />
    <ClInclude Include="..\413\EchoScope\cbw.h" />
    <ClInclude Include="CCcrPatt.h" />
    <ClInclude Include="..\ONLINE\GEM\CediListCtroller.h" />
    <ClInclude Include="..\ONLINE\GEM\CEID_ITEM.h" />
    <ClInclude Include="..\ONLINE\GEM\CEID_LIST.h" />
    <ClInclude Include="..\GRID\CellRange.h" />
    <ClInclude Include="..\FEM\Ldp\CFoup.h" />
    <ClInclude Include="CGridPatt.h" />
    <ClInclude Include="ChartWnd.h" />
    <ClInclude Include="..\PropList\ChkComboBox.h" />
    <ClInclude Include="ChuckMask.h" />
    <ClInclude Include="..\ONLINE\ShareMemory\Cidrw.h" />
    <ClInclude Include="CircularBuffer.h" />
    <ClInclude Include="CLine.h" />
    <ClInclude Include="..\LOG\CLogMsgItem.h" />
    <ClInclude Include="CLPXChDat.h" />
    <ClInclude Include="CMPList.h" />
    <ClInclude Include="..\ONLINE\GEM\Cms.h" />
    <ClInclude Include="..\ONLINE\MFC\ColorButton.h" />
    <ClInclude Include="..\ONLINE\MFC\ColorEdit.h" />
    <ClInclude Include="..\ONLINE\MFC\ColorList.h" />
    <ClInclude Include="..\ONLINE\MFC\ColorStatic.h" />
    <ClInclude Include="..\FEM\Ldp\ComBase.h" />
    <ClInclude Include="..\FEM\Ldp\ComFL300.h" />
    <ClInclude Include="..\ONLINE\TCPIP\ComLog.h" />
    <ClInclude Include="..\SRC\Comm.h" />
    <ClInclude Include="..\SRC\CommSvr.h" />
    <ClInclude Include="..\FEM\Ldp\ComSMIF.h" />
    <ClInclude Include="..\FEM\Ldp\ComTDK.h" />
    <ClInclude Include="..\FEM\Ldp\ComThread.h" />
    <ClInclude Include="Configuration.h" />
    <ClInclude Include="Const.h" />
    <ClInclude Include="..\IPC\Constant.h" />
    <ClInclude Include="ContentMap.h" />
    <ClInclude Include="Coor.h" />
    <ClInclude Include="CRdlPatt.h" />
    <ClInclude Include="CRing.h" />
    <ClInclude Include="CrossHair.h" />
    <ClInclude Include="CrossPattern.h" />
    <ClInclude Include="CStat.h" />
    <ClInclude Include="..\ONLINE\GEM\CtrlJob.h" />
    <ClInclude Include="..\ONLINE\GEM\CtrlJobMgr.h" />
    <ClInclude Include="..\SYS\CUMMsg.h" />
    <ClInclude Include="CurveFit.h" />
    <ClInclude Include="..\SRC\customfiledlg.h" />
    <ClInclude Include="CustPatt.h" />
    <ClInclude Include="CWaferParam.h" />
    <ClInclude Include="..\TCP\CWinSock.h" />
    <ClInclude Include="CWL.h" />
    <ClInclude Include="CWLBase.h" />
    <ClInclude Include="Data.h" />
    <ClInclude Include="..\ONLINE\ShareMemory\DataBank.h" />
    <ClInclude Include="..\ONLINE\GEM\DataConverter.h" />
    <ClInclude Include="DataDesc413.h" />
    <ClInclude Include="DataList.h" />
    <ClInclude Include="DefGrid2Dlg.h" />
    <ClInclude Include="..\ONLINE\INC\Define.h" />
    <ClInclude Include="DefineCircular.h" />
    <ClInclude Include="DefineCircularSegment.h" />
    <ClInclude Include="DefineGrid.h" />
    <ClInclude Include="DefineRadial.h" />
    <ClInclude Include="DefineSimuPeaks.h" />
    <ClInclude Include="..\MFC\DelimiterDlg.h" />
    <ClInclude Include="DiceLoc.h" />
    <ClInclude Include="DiceView.h" />
    <ClInclude Include="..\SRC\DirSys.h" />
    <ClInclude Include="..\413\Dmccom.h" />
    <ClInclude Include="..\413\dmcdrc.h" />
    <ClInclude Include="..\413\dmcdrco.h" />
    <ClInclude Include="..\413\DMCMLIB.H" />
    <ClInclude Include="..\413\DMCMotor.h" />
    <ClInclude Include="..\413\DMCMotorBase.h" />
    <ClInclude Include="DosName.h" />
    <ClInclude Include="..\SRC\DOSUtil.h" />
    <ClInclude Include="DrLockMgr.h" />
    <ClInclude Include="Dump.h" />
    <ClInclude Include="DuplicateDlg.h" />
    <ClInclude Include="..\ONLINE\INC\E5-ErrCodes.h" />
    <ClInclude Include="E95.h" />
    <ClInclude Include="E95Doc.h" />
    <ClInclude Include="E95View.h" />
    <ClInclude Include="EchoData.h" />
    <ClInclude Include="EchoDraw.h" />
    <ClInclude Include="..\413\EchoFinder.h" />
    <ClInclude Include="..\413\EchoScope\EchoPeak.h" />
    <ClInclude Include="..\413\EchoScope\EchoProbe.h" />
    <ClInclude Include="..\413\EchoScope\EchoProbeBase.h" />
    <ClInclude Include="EchoProbeProp.h" />
    <ClInclude Include="EchoTest.h" />
    <ClInclude Include="EditBinDlg.h" />
    <ClInclude Include="EditCoordinateDlg.h" />
    <ClInclude Include="EditDocumentationDlg.h" />
    <ClInclude Include="EditPoint.h" />
    <ClInclude Include="EditThickDlg.h" />
    <ClInclude Include="..\ONLINE\MFC\EditToolBar.h" />
    <ClInclude Include="EnlargeDlg.h" />
    <ClInclude Include="EqpState.h" />
    <ClInclude Include="..\IPC\EqpStatus.h" />
    <ClInclude Include="..\ONLINE\MFC\EquipEvtThread.h" />
    <ClInclude Include="..\LOG\ErrorDlg.h" />
    <ClInclude Include="..\ONLINE\MFC\establishcomm.h" />
    <ClInclude Include="..\ONLINE\INC\Event.h" />
    <ClInclude Include="..\ONLINE\ShareMemory\Evt.h" />
    <ClInclude Include="..\413\OceanOp\FFreq.h" />
    <ClInclude Include="..\413\OceanOp\FFTINC.h" />
    <ClInclude Include="FFTPoint.h" />
    <ClInclude Include="FFUThread.h" />
    <ClInclude Include="..\SRC\FileVersion.h" />
    <ClInclude Include="..\PropList\FoldersDialog.h" />
    <ClInclude Include="..\SRC\FolderUtils.h" />
    <ClInclude Include="..\413\OceanOp\Fourier.h" />
    <ClInclude Include="FPoint.h" />
    <ClInclude Include="..\ONLINE\TCPIP\FsmCoreSocket.h" />
    <ClInclude Include="..\LTW\FSMLightTower.h" />
    <ClInclude Include="GEM.h" />
    <ClInclude Include="GEMEvt.h" />
    <ClInclude Include="..\ONLINE\GEM\GemFactory.h" />
    <ClInclude Include="..\ONLINE\ShareMemory\GemHead.h" />
    <ClInclude Include="..\ONLINE\general_utils.h" />
    <ClInclude Include="..\ONLINE\MFC\getpw.h" />
    <ClInclude Include="..\413\GLMotor.h" />
    <ClInclude Include="..\413\GLMotor_v1.h" />
    <ClInclude Include="Global413.h" />
    <ClInclude Include="GlobalDeviceContainer.h" />
    <ClInclude Include="GlobalUIContainer.h" />
    <ClInclude Include="ProbeSwitching.h" />
    <ClInclude Include="ProbeSwitchingBase.h" />
    <ClInclude Include="PZT\Graphs.h" />
    <ClInclude Include="..\SRC\HdrList.h" />
    <ClInclude Include="HelpProbes.h" />
    <ClInclude Include="HelpTrim.h" />
    <ClInclude Include="HistoDraw.h" />
    <ClInclude Include="..\ONLINE\MFC\HostMessage.h" />
    <ClInclude Include="..\PLT\HSL2RGB.h" />
    <ClInclude Include="..\ONLINE\TCPIP\HSMSComThread.h" />
    <ClInclude Include="..\ONLINE\TCPIP\HsmsParaMeter.h" />
    <ClInclude Include="..\ONLINE\INC\IDlist.h" />
    <ClInclude Include="..\FEM\IDR\IDRAsyst.h" />
    <ClInclude Include="..\FEM\IDR\IDRMgr.h" />
    <ClInclude Include="..\FEM\IDR\IDRSvr.h" />
    <ClInclude Include="..\FEM\IDR\IDRUnit.h" />
    <ClInclude Include="..\FEM\IDR\IDRUnitKey.h" />
    <ClInclude Include="..\FEM\IDR\IDRUnitOmron.h" />
    <ClInclude Include="Illumination.h" />
    <ClInclude Include="..\ONLINE\MFC\ImageStatic.h" />
    <ClInclude Include="ImgWnd.h" />
    <ClInclude Include="IncmplPrcsHdlr.h" />
    <ClInclude Include="InfoPanelAlarms.h" />
    <ClInclude Include="InfoPanelEqpMessage.h" />
    <ClInclude Include="InfoPanelHelp.h" />
    <ClInclude Include="InfoPanelHelpHTML.h" />
    <ClInclude Include="InfoPanelHostMsg.h" />
    <ClInclude Include="InfoPanelLogs.h" />
    <ClInclude Include="InfoPanelLogsMainDlg.h" />
    <ClInclude Include="InfoPanelMain.h" />
    <ClInclude Include="InfoPanelRecipes.h" />
    <ClInclude Include="InfoPanelSetup.h" />
    <ClInclude Include="InfoPanelSystem.h" />
    <ClInclude Include="InfoPanelView.h" />
    <ClInclude Include="InfoPanelWelcome.h" />
    <ClInclude Include="..\SRC\IniFile.h" />
    <ClInclude Include="..\SRC\IniFileHandler.h" />
    <ClInclude Include="InputCalibWaferThickness.h" />
    <ClInclude Include="..\FEM\IDR\InputCarrierID.h" />
    <ClInclude Include="InputFloat.h" />
    <ClInclude Include="..\CurveFit\Interface.h" />
    <ClInclude Include="InvDistance.h" />
    <ClInclude Include="IssueAlarmDlg.h" />
    <ClInclude Include="..\128\CAS\JobInfo.h" />
    <ClInclude Include="..\MFC\Keyboard.h" />
    <ClInclude Include="..\MFC\KeyPad.h" />
    <ClInclude Include="..\FEM\Ldp\LdPTOut.h" />
    <ClInclude Include="..\SRC\Led.h" />
    <ClInclude Include="..\SRC\LedRC.h" />
    <ClInclude Include="LineChart.h" />
    <ClInclude Include="..\SERIAL\LinkPort.h" />
    <ClInclude Include="..\SERIAL\Links.h" />
    <ClInclude Include="..\SERIAL\LinkSerial.h" />
    <ClInclude Include="..\SERIAL\LinkTCP.h" />
    <ClInclude Include="..\CurveFit\lm_eval.h" />
    <ClInclude Include="..\CurveFit\lmmin.h" />
    <ClInclude Include="LoadPortDlg.h" />
    <ClInclude Include="LoadPos.h" />
    <ClInclude Include="LocationProp.h" />
    <ClInclude Include="LocDefineDice.h" />
    <ClInclude Include="..\IPC\Lock.h" />
    <ClInclude Include="..\SYS\Log.h" />
    <ClInclude Include="LogE.h" />
    <ClInclude Include="LogFEM.h" />
    <ClInclude Include="..\SRC\LogInDataNew.h" />
    <ClInclude Include="LogItem.h" />
    <ClInclude Include="..\ONLINE\TCPIP\LogMessage.h" />
    <ClInclude Include="..\LOG\LogMsgList.h" />
    <ClInclude Include="..\LOG\LogSvr.h" />
    <ClInclude Include="..\FEM\Ldp\LPMgr.h" />
    <ClInclude Include="LPObj.h" />
    <ClInclude Include="LPStatus.h" />
    <ClInclude Include="..\FEM\Ldp\LPSvr.h" />
    <ClInclude Include="LSF3D.h" />
    <ClInclude Include="..\LTW\LTMgrE95.h" />
    <ClInclude Include="..\LTW\LTWMgr.h" />
    <ClInclude Include="..\IPC\LTwrVar.h" />
    <ClInclude Include="MainFrm.h" />
    <ClInclude Include="ManualAlgnDlg.h" />
    <ClInclude Include="MaskInfo.h" />
    <ClInclude Include="MaskPattern.h" />
    <ClInclude Include="MaxMin.h" />
    <ClInclude Include="MaxMinPa.h" />
    <ClInclude Include="..\413\Mc2.h" />
    <ClInclude Include="MC3.h" />
    <ClInclude Include="MeasurementProperties.h" />
    <ClInclude Include="MeParam.h" />
    <ClInclude Include="MeSetMore.h" />
    <ClInclude Include="..\SRC\MessageBoard.h" />
    <ClInclude Include="..\SRC\MessageBoardLog.h" />
    <ClInclude Include="..\SRC\MessageFormat.h" />
    <ClInclude Include="..\ONLINE\TCPIP\Monitor.h" />
    <ClInclude Include="MotionControl.h" />
    <ClInclude Include="..\413\MotorGL.h" />
    <ClInclude Include="..\413\MotorL2.h" />
    <ClInclude Include="..\413\MotorParam.h" />
    <ClInclude Include="..\413\MotorS2.h" />
    <ClInclude Include="..\413\MotorSi.h" />
    <ClInclude Include="MoveParam.h" />
    <ClInclude Include="MParam.h" />
    <ClInclude Include="MPoint.h" />
    <ClInclude Include="..\SERIAL\MsgItem.h" />
    <ClInclude Include="MsgItemProcessor.h" />
    <ClInclude Include="..\SRC\MYEDIT.H" />
    <ClInclude Include="..\SRC\MyTextButton.h" />
    <ClInclude Include="NavigationPanel.h" />
    <ClInclude Include="..\128\CAS\NCas.h" />
    <ClInclude Include="..\LOG\noticedlg.h" />
    <ClInclude Include="..\SERIAL\NThread.h" />
    <ClInclude Include="..\Lib3D\Object3d.h" />
    <ClInclude Include="..\128\GEM\ObjectsContainer.h" />
    <ClInclude Include="..\413\OceanOp\OceanBase.h" />
    <ClInclude Include="..\413\OceanOp\OceanOpNIRQuest.h" />
    <ClInclude Include="PZT\OLDAAPI.H" />
    <ClInclude Include="PZT\OLDADEFS.H" />
    <ClInclude Include="PZT\OLERRORS.H" />
    <ClInclude Include="PZT\Olmem.h" />
    <ClInclude Include="..\128\GEM\OLnClt.h" />
    <ClInclude Include="OLnSvrObj.h" />
    <ClInclude Include="PZT\OLTYPES.H" />
    <ClInclude Include="OnlineAlarmDlg.h" />
    <ClInclude Include="OnlineCEIDDlg.h" />
    <ClInclude Include="OnlineCJDlg.h" />
    <ClInclude Include="OnLineDlg.h" />
    <ClInclude Include="OnlineECIDDlg.h" />
    <ClInclude Include="OnlineEventsDlg.h" />
    <ClInclude Include="OnlineHSMSDlg.h" />
    <ClInclude Include="OnlineLogsDlg.h" />
    <ClInclude Include="OnlineMgr.h" />
    <ClInclude Include="OnlineMgrB.h" />
    <ClInclude Include="OnlineModeDlg.h" />
    <ClInclude Include="OnlinePJDlg.h" />
    <ClInclude Include="OnlineSubstrateDlg.h" />
    <ClInclude Include="OnlineSVIDDlg.h" />
    <ClInclude Include="..\413\OceanOp\OOIDrv32.h" />
    <ClInclude Include="OptimizeEchoDlg.h" />
    <ClInclude Include="..\ONLINE\GEM\OSSBASE.H" />
    <ClInclude Include="..\IPC\OSSMemS.h" />
    <ClInclude Include="PackedDIB1.h" />
    <ClInclude Include="..\ONLINE\MFC\ParaEditDlg.h" />
    <ClInclude Include="Pattern.h" />
    <ClInclude Include="PatternProp.h" />
    <ClInclude Include="PattMatch.h" />
    <ClInclude Include="PeakControl.h" />
    <ClInclude Include="PeakControlItem.h" />
    <ClInclude Include="PeakParam.h" />
    <ClInclude Include="..\413\EchoScope\Peaks.h" />
    <ClInclude Include="PeakShape.h" />
    <ClInclude Include="PersistFrameImpl.h" />
    <ClInclude Include="PersistFrames.h" />
    <ClInclude Include="PersistSDIFrame.h" />
    <ClInclude Include="PolyParams.h" />
    <ClInclude Include="..\128\GEM\PortParam.h" />
    <ClInclude Include="PosHt.h" />
    <ClInclude Include="PProfile.h" />
    <ClInclude Include="..\FEM\Rbt\PriUnit.h" />
    <ClInclude Include="..\ONLINE\GEM\PRJOB.H" />
    <ClInclude Include="..\128\GEM\PrJobList.h" />
    <ClInclude Include="..\ONLINE\GEM\PRJobMgr.h" />
    <ClInclude Include="ProbeDistParam.h" />
    <ClInclude Include="ProbeTest.h" />
    <ClInclude Include="ProcJob413ProcessingDlg.h" />
    <ClInclude Include="ProcJobCancelCarrierDlg.h" />
    <ClInclude Include="ProcJobCommon.h" />
    <ClInclude Include="ProcJobCompleteDlg.h" />
    <ClInclude Include="ProcJobCompleteManual.h" />
    <ClInclude Include="ProcJobDlg.h" />
    <ClInclude Include="ProcJobInfo.h" />
    <ClInclude Include="ProcJobManageDlg.h" />
    <ClInclude Include="ProcJobManDlg.h" />
    <ClInclude Include="ProcJobManual.h" />
    <ClInclude Include="ProcJobProcessingB.h" />
    <ClInclude Include="ProcJobPWC1DlgBase.h" />
    <ClInclude Include="ProcJobPWC2Dlg.h" />
    <ClInclude Include="ProcJobPWC413Dlg.h" />
    <ClInclude Include="ProcJobPWCRDlg.h" />
    <ClInclude Include="ProcJobQue413Dlg.h" />
    <ClInclude Include="ProcJobSMICDlg.h" />
    <ClInclude Include="ProcJobUnloadCarrierDlg.h" />
    <ClInclude Include="..\SRC\Procss.h" />
    <ClInclude Include="..\PropList\PropertyList.h" />
    <ClInclude Include="..\ONLINE\ShareMemory\PtrListEx.h" />
    <ClInclude Include="..\FEM\Ldp\QueOutMgr.h" />
    <ClInclude Include="..\SERIAL\Queue.h" />
    <ClInclude Include="QuickRecipeEditDlg.h" />
    <ClInclude Include="..\MFC\RangeDlg.h" />
    <ClInclude Include="..\FEM\Rbt\RbtBase.h" />
    <ClInclude Include="..\FEM\Rbt\RbtMgr.h" />
    <ClInclude Include="..\FEM\Rbt\RbtUnit.h" />
    <ClInclude Include="..\ONLINE\ShareMemory\ReadWriteHead.h" />
    <ClInclude Include="Recipe413.h" />
    <ClInclude Include="Recipe413NSMgr.h" />
    <ClInclude Include="RecipeCreateDlg413.h" />
    <ClInclude Include="RecipeCreateDlgBase.h" />
    <ClInclude Include="RecipeIO.h" />
    <ClInclude Include="RecipeManageDlg.h" />
    <ClInclude Include="RecoveryDlg.h" />
    <ClInclude Include="..\SRC\ResizableDialog.h" />
    <ClInclude Include="ResizableFormView.h" />
    <ClInclude Include="..\SRC\ResizableGrip.h" />
    <ClInclude Include="..\SRC\ResizableLayout.h" />
    <ClInclude Include="..\SRC\ResizableMinMax.h" />
    <ClInclude Include="..\SRC\ResizableState.h" />
    <ClInclude Include="Resource.h" />
    <ClInclude Include="RGB3.h" />
    <ClInclude Include="PZT\Roll.h" />
    <ClInclude Include="RingWidthProbe.h" />
    <ClInclude Include="RingWidthProbeBase.h" />
    <ClInclude Include="RoughProbe.h" />
    <ClInclude Include="RoughProbeBase.h" />
    <ClInclude Include="RouPar.h" />
    <ClInclude Include="RunRecipe.h" />
    <ClInclude Include="..\ONLINE\SECS\S2F23.h" />
    <ClInclude Include="..\ONLINE\SECS\S2F31.h" />
    <ClInclude Include="..\ONLINE\SECS\S2F41.h" />
    <ClInclude Include="..\ONLINE\SECS\S2Msg.h" />
    <ClInclude Include="..\IPC\SArams.h" />
    <ClInclude Include="..\413\EchoScope\ScanLine.h" />
    <ClInclude Include="ScanLineChart.h" />
    <ClInclude Include="..\413\EchoScope\ScanPoint.h" />
    <ClInclude Include="..\ONLINE\INC\Secshead.h" />
    <ClInclude Include="..\ONLINE\GEM\SecsItem.h" />
    <ClInclude Include="..\ONLINE\GEM\SecsMessage.h" />
    <ClInclude Include="SecsParam.h" />
    <ClInclude Include="SecsParamItem.h" />
    <ClInclude Include="..\IFC\SecsSvrF.h" />
    <ClInclude Include="SelectDlg.h" />
    <ClInclude Include="SelectMeasurementDlg.h" />
    <ClInclude Include="..\ONLINE\TCPIP\SelectMode.h" />
    <ClInclude Include="SelectResol.h" />
    <ClInclude Include="SelectVCamera.h" />
    <ClInclude Include="..\FEM\Rbt\selport.h" />
    <ClInclude Include="SelScanNumDlg.h" />
    <ClInclude Include="..\SERIAL\SerialICC.h" />
    <ClInclude Include="..\SERIAL\SerialTh.h" />
    <ClInclude Include="SetupProb4Dlg.h" />
    <ClInclude Include="SetupProp10Dlg.h" />
    <ClInclude Include="SetupProp11Dlg.h" />
    <ClInclude Include="SetupProp12Dlg.h" />
    <ClInclude Include="SetupProp13Dlg.h" />
    <ClInclude Include="SetupProp14Dlg.h" />
    <ClInclude Include="SetupProp15Dlg.h" />
    <ClInclude Include="SetupProp16Dlg.h" />
    <ClInclude Include="SetupProp1Dlg.h" />
    <ClInclude Include="SetupProp2Dlg.h" />
    <ClInclude Include="SetupProp31Dlg.h" />
    <ClInclude Include="SetupProp3Dlg.h" />
    <ClInclude Include="SetupProp41Dlg.h" />
    <ClInclude Include="SetupProp42Dlg.h" />
    <ClInclude Include="SetupProp43Dlg.h" />
    <ClInclude Include="SetupProp51Dlg.h" />
    <ClInclude Include="SetupProp52Dlg.h" />
    <ClInclude Include="SetupProp5Dlg.h" />
    <ClInclude Include="SetupProp6Dlg.h" />
    <ClInclude Include="SetupProp71Dlg.h" />
    <ClInclude Include="SetupProp72Dlg.h" />
    <ClInclude Include="SetupProp73Dlg.h" />
    <ClInclude Include="SetupProp7Dlg.h" />
    <ClInclude Include="SetupProp81Dlg.h" />
    <ClInclude Include="SetupProp82Dlg.h" />
    <ClInclude Include="SetupProp83Dlg.h" />
    <ClInclude Include="SetupProp84Dlg.h" />
    <ClInclude Include="SetupProp8Dlg.h" />
    <ClInclude Include="SetupProp91Dlg.h" />
    <ClInclude Include="SetupProp9Dlg.h" />
    <ClInclude Include="SetupPropComm.h" />
    <ClInclude Include="..\ONLINE\ShareMemory\SharedMemQue.h" />
    <ClInclude Include="..\ONLINE\ShareMemory\ShareMemory.h" />
    <ClInclude Include="..\ONLINE\ShareMemory\ShareQue.h" />
    <ClInclude Include="..\413\SIBase.h" />
    <ClInclude Include="SICam.h" />
    <ClInclude Include="SICamPoints.h" />
    <ClInclude Include="SiCamSettingDlg.h" />
    <ClInclude Include="sicap.h" />
    <ClInclude Include="sidefs.h" />
    <ClInclude Include="siipl.h" />
    <ClInclude Include="..\413\SIMotor.h" />
    <ClInclude Include="SimulatePeaks.h" />
    <ClInclude Include="SimuSpecDlg.h" />
    <ClInclude Include="..\SRC\sinstance.h" />
    <ClInclude Include="sirun.h" />
    <ClInclude Include="siusb.h" />
    <ClInclude Include="..\IPC\SLPInit.h" />
    <ClInclude Include="..\IPC\SMCHdr.h" />
    <ClInclude Include="..\IPC\SMClt.h" />
    <ClInclude Include="..\IPC\SMHdr.h" />
    <ClInclude Include="..\IPC\SMIpc.h" />
    <ClInclude Include="..\IPC\Smol.h" />
    <ClInclude Include="..\IPC\SMSnd.h" />
    <ClInclude Include="..\IPC\SMSvr.h" />
    <ClInclude Include="..\SRC\SortHeaderCtrl.h" />
    <ClInclude Include="..\SRC\SortListCtrl.h" />
    <ClInclude Include="..\413\OceanOp\Spec.h" />
    <ClInclude Include="SpecPar.h" />
    <ClInclude Include="SpecPlot.h" />
    <ClInclude Include="..\413\OceanOp\SpecPoint.h" />
    <ClInclude Include="..\ONLINE\MFC\SpoolMan.h" />
    <ClInclude Include="ST_SplitterWnd.h" />
    <ClInclude Include="..\128\GEM\StateModels.h" />
    <ClInclude Include="StatusReq.h" />
    <ClInclude Include="..\IPC\StdAction.h" />
    <ClInclude Include="StdAfx.h" />
    <ClInclude Include="StopDlg.h" />
    <ClInclude Include="..\TCP\StreamSocket.h" />
    <ClInclude Include="strSOp.h" />
    <ClInclude Include="..\IPC\SubstObj.h" />
    <ClInclude Include="..\ONLINE\GEM\SVID_ITEM.h" />
    <ClInclude Include="..\ONLINE\GEM\SVID_LIST.h" />
    <ClInclude Include="..\IPC\SvrThread.h" />
    <ClInclude Include="..\128\CAS\SysInfo.h" />
    <ClInclude Include="System413Dlg.h" />
    <ClInclude Include="SystemLTowerDlg.h" />
    <ClInclude Include="SystemRobotDlg.h" />
    <ClInclude Include="SystemStatusDlg.h" />
    <ClInclude Include="..\LTW\TCtrlBase.h" />
    <ClInclude Include="..\LTW\TCtrlBrk.h" />
    <ClInclude Include="..\LTW\TCtrlDB.h" />
    <ClInclude Include="..\LTW\TCtrlDBNet.h" />
    <ClInclude Include="..\LTW\TCtrlPatLitSerial.h" />
    <ClInclude Include="..\IPC\TelnetClientSocket.h" />
    <ClInclude Include="..\SRC\TextFile.h" />
    <ClInclude Include="TFTestDlg.h" />
    <ClInclude Include="ThinFilmProp.h" />
    <ClInclude Include="ThkValues.h" />
    <ClInclude Include="..\SRC\TimerMGR.h" />
    <ClInclude Include="..\SRC\Tips.h" />
    <ClInclude Include="TitlePanel.h" />
    <ClInclude Include="..\SRC\Tokenizer.h" />
    <ClInclude Include="..\SYS\Tool.h" />
    <ClInclude Include="..\IPC\Toolvar.h" />
    <ClInclude Include="..\ONLINE\GEM\TracTimer.h" />
    <ClInclude Include="tRGB.h" />
    <ClInclude Include="..\413\TxR.h" />
    <ClInclude Include="..\ONLINE\MFC\ur_resource.h" />
    <ClInclude Include="..\SYS\Var.h" />
    <ClInclude Include="..\ONLINE\MFC\vardisp.h" />
    <ClInclude Include="ViewBaseline.h" />
    <ClInclude Include="ViewCassDlg.h" />
    <ClInclude Include="ViewContentDlg413.h" />
    <ClInclude Include="ViewContentDlgBase.h" />
    <ClInclude Include="ViewData.h" />
    <ClInclude Include="ViewFileDlg.h" />
    <ClInclude Include="..\128\CAS\WaferInfo.h" />
    <ClInclude Include="..\128\CAS\WaferInfoMgr.h" />
    <ClInclude Include="WaferMap.h" />
    <ClInclude Include="WaferMapDlg.h" />
    <ClInclude Include="WaferMapSetting.h" />
    <ClInclude Include="WaferViewOptions.h" />
    <ClInclude Include="..\ONLINE\ShareMemory\WaitMsgList.h" />
    <ClInclude Include="..\LOG\WarningDlg.h" />
    <ClInclude Include="WafMap\DIB\DIB.H" />
    <ClInclude Include="WafMap\DIB\Dibapi.h" />
    <ClInclude Include="WafMap\DIB\DIBSurface.h" />
    <ClInclude Include="WafMap\glut.h" />
    <ClInclude Include="WafMap\OGL\3DDataX.h" />
    <ClInclude Include="WafMap\OGL\BaseData.h" />
    <ClInclude Include="WafMap\OGL\BaseException.h" />
    <ClInclude Include="WafMap\OGL\GLView.h" />
    <ClInclude Include="WafMap\OGL\Grapher.h" />
    <ClInclude Include="WafMap\OGL\Image.h" />
    <ClInclude Include="WafMap\OGL\Interpolater.h" />
    <ClInclude Include="WafMap\OGL\InverseDist.h" />
    <ClInclude Include="WafMap\WMap.h" />
    <ClInclude Include="WafMap\WMapView.h" />
    <ClInclude Include="WafMap\WMap\resource.h" />
    <ClInclude Include="WafMap\WMDefines.h" />
    <ClInclude Include="webbrowser2.h" />
    <ClInclude Include="WelcomeDlg.h" />
    <ClInclude Include="..\SRC\xSkinButton.h" />
    <ClInclude Include="WMap3DDlg.h" />
    <ClInclude Include="XTabCtrl.h" />
    <ClInclude Include="XYPair.h" />
    <ClInclude Include="CTaikoRingMeasProp.h" />
    <ClInclude Include="..\IM\define.h" />
    <ClInclude Include="..\IM\IM.h" />
    <ClInclude Include="..\IM\PtLine.h" />
    <ClInclude Include="Stat.h" />
    <ClInclude Include="..\IM\MatInv.h" />
    <ClInclude Include="CenterData.h" />
    <ClInclude Include="..\FEM\Rbt\LogosolBrkUnit.h" />
    <ClInclude Include="413AppCWL.h" />
    <ClInclude Include="Pegrpapi.h" />
    <ClInclude Include="CWL2.h" />
    <ClInclude Include="413AppRoughWithCWL.h" />
    <ClInclude Include="WaferMapViewDlg.h" />
    <ClInclude Include="ExportPDF.h" />
    <ClInclude Include="DiceMapTemp.h" />
    <ClInclude Include="Glut2DMapView.h" />
    <ClInclude Include="WafMap\OGL\GLViewStatic.h" />
    <ClInclude Include="Auto2DGlut.h" />
    <ClInclude Include="WMap2DDlg.h" />
    <ClInclude Include="SetupProp92Dlg.h" />
    <ClInclude Include="DiceMap.h" />
  </ItemGroup>
  <ItemGroup>
    <Library Include="siusb.lib" />
    <Library Include="sicap.lib" />
    <Library Include="siipl.lib" />
    <Library Include="..\413\DMCMLIB.lib" />
    <Library Include="..\413\DMC32.lib" />
    <Library Include="..\413\EchoScope\AqDrv4.lib" />
    <Library Include="..\413\EchoScope\cbw32.lib" />
    <Library Include="..\413\OceanOp\OOI_HOME\OmniDriver32.lib" />
    <Library Include="..\413\OceanOp\OOI_HOME\common32.lib" />
    <Library Include="..\413\Lucam\lucamapi.lib" />
  </ItemGroup>
  <ItemGroup>
    <CustomBuild Include="res\E95.rc2" />
    <CustomBuild Include="res\zoom.cur" />
    <CustomBuild Include="res\zoom1.cur" />
    <CustomBuild Include="res\zoom2.cur" />
    <CustomBuild Include="res\zoom3.cur" />
    <CustomBuild Include="..\Change List.doc" />
  </ItemGroup>
  <ItemGroup>
    <ResourceCompile Include="E95.rc" />
  </ItemGroup>
  <ItemGroup>
    <Image Include="res\amberoff.bmp" />
    <Image Include="res\amberon.bmp" />
    <Image Include="res\bitmap1.bmp" />
    <Image Include="res\blueoff.bmp" />
    <Image Include="res\blueon.bmp" />
    <Image Include="res\bmp00001.bmp" />
    <Image Include="res\centering.bmp" />
    <Image Include="res\checkboxes.bmp" />
    <Image Include="..\PropList\checkboxes.bmp" />
    <Image Include="res\detail.ico" />
    <Image Include="res\E95.ico" />
    <Image Include="res\E95Doc.ico" />
    <Image Include="res\greenoff.bmp" />
    <Image Include="res\greenon.bmp" />
    <Image Include="res\HOUR.BMP" />
    <Image Include="res\icon.ico" />
    <Image Include="res\leds.bmp" />
    <Image Include="res\list.ico" />
    <Image Include="res\mask.bmp" />
    <Image Include="res\Min.bmp" />
    <Image Include="res\ParaDesc.bmp" />
    <Image Include="res\ParaMax.bmp" />
    <Image Include="res\PARARANGE.bmp" />
    <Image Include="res\redoff.bmp" />
    <Image Include="res\redon.bmp" />
    <Image Include="res\Toolbar.bmp" />
    <Image Include="res\tree_bmp.bmp" />
    <Image Include="res\YEAR.BMP" />
  </ItemGroup>
  <ItemGroup>
    <None Include="WafMap\WMap\MODEL.SG" />
    <None Include="WafMap\WMap\WMap.clv" />
    <None Include="WafMap\WMap\WMap.clw" />
    <None Include="WafMap\WMap\WMap.dsp" />
    <None Include="WafMap\WMap\WMap.dsw" />
    <None Include="WafMap\WMap\WMap.positions" />
  </ItemGroup>
  <ItemGroup>
    <Text Include="..\ONLINE\HSMS Protocol.txt" />
    <Text Include="ReadMe.txt" />
    <Text Include="..\ToDo.txt" />
    <Text Include="WafMap\WMap\ReadMe.txt" />
  </ItemGroup>
</Project>